
Microsoft Visual Studio Solution File, Format Version 12.00
# Visual Studio 15
VisualStudioVersion = 15.0.26014.0
MinimumVisualStudioVersion = 10.0.40219.1
Project("{FAE04EC0-301F-11D3-BF4B-00C04F79EFBC}") = "WintellectPowerShellHelper", "WintellectPowerShellHelper\WintellectPowerShellHelper.csproj", "{927A6A0F-CA05-4CA6-8493-D859B2280624}"
EndProject
Project("{FAE04EC0-301F-11D3-BF4B-00C04F79EFBC}") = "DumpVSInstalls", "DumpVSInstalls\DumpVSInstalls.csproj", "{EB9A2C1B-C4C7-47CA-95D1-243CCC77F82A}"
EndProject
Global
	GlobalSection(SolutionConfigurationPlatforms) = preSolution
		Debug|Any CPU = Debug|Any CPU
		Release|Any CPU = Release|Any CPU
	EndGlobalSection
	GlobalSection(ProjectConfigurationPlatforms) = postSolution
		{927A6A0F-CA05-4CA6-8493-D859B2280624}.Debug|Any CPU.ActiveCfg = Debug|Any CPU
		{927A6A0F-CA05-4CA6-8493-D859B2280624}.Debug|Any CPU.Build.0 = Debug|Any CPU
		{927A6A0F-CA05-4CA6-8493-D859B2280624}.Release|Any CPU.ActiveCfg = Release|Any CPU
		{927A6A0F-CA05-4CA6-8493-D859B2280624}.Release|Any CPU.Build.0 = Release|Any CPU
		{EB9A2C1B-C4C7-47CA-95D1-243CCC77F82A}.Debug|Any CPU.ActiveCfg = Debug|Any CPU
		{EB9A2C1B-C4C7-47CA-95D1-243CCC77F82A}.Debug|Any CPU.Build.0 = Debug|Any CPU
		{EB9A2C1B-C4C7-47CA-95D1-243CCC77F82A}.Release|Any CPU.ActiveCfg = Release|Any CPU
		{EB9A2C1B-C4C7-47CA-95D1-243CCC77F82A}.Release|Any CPU.Build.0 = Release|Any CPU
	EndGlobalSection
	GlobalSection(SolutionProperties) = preSolution
		HideSolutionNode = FALSE
	EndGlobalSection
EndGlobal
